<?xml version="1.0" encoding="utf-8"?>
<Project ToolsVersion="4.0" xmlns="http://schemas.microsoft.com/developer/msbuild/2003">
  <ItemGroup>
    <ClCompile Include="BomberEnemy.cpp" />
    <ClCompile Include="Boss.cpp" />
    <ClCompile Include="bulletStorage.cpp" />
    <ClCompile Include="CAnimation.cpp" />
    <ClCompile Include="CArc.cpp" />
    <ClCompile Include="CAssetManager.cpp" />
    <ClCompile Include="CBackground.cpp" />
    <ClCompile Include="CBullet.cpp" />
    <ClCompile Include="CButton.cpp" />
    <ClCompile Include="CBulletAuto.cpp" />
    <ClCompile Include="CCard.cpp" />
    <ClCompile Include="CCardUpgrade.cpp" />
    <ClCompile Include="CCarousel.cpp" />
    <ClCompile Include="CCharacter.cpp" />
    <ClCompile Include="CCharacterSelection.cpp" />
    <ClCompile Include="CCharacterStat.cpp" />
    <ClCompile Include="CCheckbox.cpp" />
    <ClCompile Include="CCollision.cpp" />
    <ClCompile Include="Ceffetsonore.cpp" />
    <ClCompile Include="CEnemy.cpp" />
    <ClCompile Include="CException.cpp" />
    <ClCompile Include="CGraphe.cpp" />
    <ClCompile Include="CGrapheUpdate.cpp" />
    <ClCompile Include="CHugoDecrypte.cpp" />
    <ClCompile Include="CMiscellaneous.cpp" />
    <ClCompile Include="CMob.cpp" />
    <ClCompile Include="CEntity.cpp" />
    <ClCompile Include="CFile.cpp" />
    <ClCompile Include="CGameMenu.cpp" />
    <ClCompile Include="CGameOver.cpp" />
    <ClCompile Include="CGameState.cpp" />
    <ClCompile Include="CGunslinger.cpp" />
    <ClCompile Include="CHitbox.cpp" />
    <ClCompile Include="CHittingEntity.cpp" />
    <ClCompile Include="CInputManager.cpp" />
    <ClCompile Include="CJeu.cpp" />
    <ClCompile Include="CMainMenuState.cpp" />
    <ClCompile Include="Cmusique.cpp" />
    <ClCompile Include="CParserCSV.cpp" />
    <ClCompile Include="CPhysics.cpp" />
    <ClCompile Include="CPlayer.cpp" />
    <ClCompile Include="CPowerUp.cpp" />
    <ClCompile Include="CClavierVirtuel.cpp" />
    <ClCompile Include="CScoreboard.cpp" />
    <ClCompile Include="CSettingState.cpp" />
    <ClCompile Include="CSlider.cpp" />
    <ClCompile Include="CSommet.cpp" />
    <ClCompile Include="CSommetUpgrade.cpp" />
    <ClCompile Include="CSplashState.cpp" />
    <ClCompile Include="CState.cpp" />
    <ClCompile Include="CStateMachine.cpp" />
    <ClCompile Include="CTestGame.cpp" />
    <ClCompile Include="CTile.cpp" />
    <ClCompile Include="CTileMap.cpp" />
    <ClCompile Include="CUI.cpp" />
    <ClCompile Include="CUpgradeState.cpp" />
    <ClCompile Include="CWeaponStat.cpp" />
    <ClCompile Include="dot.cpp" />
    <ClCompile Include="effetspecial.cpp" />
    <ClCompile Include="EllipseShape.cpp" />
    <ClCompile Include="InterfaceShootingEnemy.cpp" />
    <ClCompile Include="InterfaceState.cpp" />
    <ClCompile Include="LaserGenerator.cpp" />
    <ClCompile Include="lifeBarForEntity.cpp" />
    <ClCompile Include="lifeForEntity.cpp" />
    <ClCompile Include="main.cpp" />
    <ClCompile Include="RoamingEnemy.cpp" />
    <ClCompile Include="RusherEnemy.cpp" />
    <ClCompile Include="ShootingEnemy.cpp" />
    <ClCompile Include="SpecialEffect.cpp" />
    <ClCompile Include="testEnemy.cpp" />
    <ClCompile Include="Weapon.cpp" />
    <ClCompile Include="CParserXML.cpp" />
    <ClCompile Include="Wave.cpp" />
    <ClCompile Include="Level.cpp" />
    <ClCompile Include="Pattern.cpp" />
    <ClCompile Include="CLevelGameState.cpp" />
    <ClCompile Include="laserWeapon.cpp" />
    <ClCompile Include="CButtonState.cpp" />
    <ClCompile Include="CLoadingState.cpp" />
    <ClCompile Include="upgradeStock.cpp" />
    <ClCompile Include="CTransition.cpp" />
  </ItemGroup>
  <ItemGroup>
    <ClInclude Include="BomberEnemy.h" />
    <ClInclude Include="Boss.h" />
    <ClInclude Include="bulletStorage.h" />
    <ClInclude Include="CAnimation.h" />
    <ClInclude Include="CArc.h" />
    <ClInclude Include="CAssetManager.h" />
    <ClInclude Include="CBackground.h" />
    <ClInclude Include="CBullet.h" />
    <ClInclude Include="CButton.h" />
    <ClInclude Include="CBulletAuto.h" />
    <ClInclude Include="CCard.h" />
    <ClInclude Include="CCardUpgrade.h" />
    <ClInclude Include="CCarousel.h" />
    <ClInclude Include="CCharacter.h" />
    <ClInclude Include="CCharacterSelection.h" />
    <ClInclude Include="CCharacterStat.h" />
    <ClInclude Include="CCheckbox.h" />
    <ClInclude Include="CCollision.h" />
    <ClInclude Include="Ceffetsonore.h" />
    <ClInclude Include="CEnemy.h" />
    <ClInclude Include="CException.h" />
    <ClInclude Include="CGraphe.h" />
    <ClInclude Include="CGrapheUpdate.h" />
    <ClInclude Include="CHugoDecrypte.h" />
    <ClInclude Include="CMiscellaneous.h" />
    <ClInclude Include="CMob.h" />
    <ClInclude Include="CEntity.h" />
    <ClInclude Include="CFile.h" />
    <ClInclude Include="CGameMenu.h" />
    <ClInclude Include="CGameOver.h" />
    <ClInclude Include="CGameState.h" />
    <ClInclude Include="CGunslinger.h" />
    <ClInclude Include="CHitbox.h" />
    <ClInclude Include="CHittingEntity.h" />
    <ClInclude Include="CInputManager.h" />
    <ClInclude Include="CJeu.h" />
    <ClInclude Include="CMainMenuState.h" />
    <ClInclude Include="Cmusique.h" />
    <ClInclude Include="CParserCSV.h" />
    <ClInclude Include="CPhysics.h" />
    <ClInclude Include="CPlayer.h" />
    <ClInclude Include="CPowerUp.h" />
    <ClInclude Include="CClavierVirtuel.h" />
    <ClInclude Include="CScoreboard.h" />
    <ClInclude Include="CSettingState.h" />
    <ClInclude Include="CSlider.h" />
    <ClInclude Include="CSommet.h" />
    <ClInclude Include="CSommetUpgrade.h" />
    <ClInclude Include="CSplashState.h" />
    <ClInclude Include="CState.h" />
    <ClInclude Include="CStateMachine.h" />
    <ClInclude Include="CTestGame.h" />
    <ClInclude Include="CTile.h" />
    <ClInclude Include="CTileMap.h" />
    <ClInclude Include="CUI.h" />
    <ClInclude Include="CUpgradeState.h" />
    <ClInclude Include="CWeaponStat.h" />
    <ClInclude Include="DEFINITIONS.h" />
    <ClInclude Include="dot.h" />
    <ClInclude Include="effetspecial.h" />
    <ClInclude Include="EllipseShape.h" />
    <ClInclude Include="InterfaceShootingEnemy.h" />
    <ClInclude Include="InterfaceState.h" />
    <ClInclude Include="LaserGenerator.h" />
    <ClInclude Include="lifeBarForEntity.h" />
    <ClInclude Include="lifeForEntity.h" />
    <ClInclude Include="RoamingEnemy.h" />
    <ClInclude Include="RusherEnemy.h" />
    <ClInclude Include="ShootingEnemy.h" />
    <ClInclude Include="SpecialEffect.h" />
    <ClInclude Include="testEnemy.h" />
    <ClInclude Include="utilities.h" />
    <ClInclude Include="Weapon.h" />
    <ClInclude Include="CParserXML.h" />
    <ClInclude Include="Wave.h" />
    <ClInclude Include="Level.h" />
    <ClInclude Include="Pattern.h" />
    <ClInclude Include="CLevelGameState.h" />
    <ClInclude Include="laserWeapon.h" />
    <ClInclude Include="CButtonState.h" />
    <ClInclude Include="CLoadingState.h" />
    <ClInclude Include="upgradeStock.h" />
    <ClInclude Include="CTransition.h" />
  </ItemGroup>
  <ItemGroup>
    <None Include="fragbandw.frag" />
    <None Include="vertexbandw.vert" />
  </ItemGroup>
</Project>