<?xml version="1.0" encoding="utf-8"?>
<Project ToolsVersion="4.0" xmlns="http://schemas.microsoft.com/developer/msbuild/2003">
  <ItemGroup>
    <ClCompile Include="main.cpp">
      <Filter>Fichiers cpp</Filter>
    </ClCompile>
    <ClCompile Include="imgui\imgui.cpp" />
    <ClCompile Include="imgui\imgui_draw.cpp" />
    <ClCompile Include="imgui\imgui_tables.cpp" />
    <ClCompile Include="imgui\imgui_widgets.cpp" />
    <ClCompile Include="imgui\imgui-SFML.cpp" />
    <ClCompile Include="imgui\imgui_demo.cpp" />
    <ClCompile Include="Engine\InputPlayer.cpp" />
    <ClCompile Include="Game\Buff\dot.cpp" />
    <ClCompile Include="Game\Buff\effetspecial.cpp" />
    <ClCompile Include="Game\Buff\fire.cpp" />
    <ClCompile Include="Game\Buff\ice.cpp" />
    <ClCompile Include="Game\Buff\thunder.cpp" />
    <ClCompile Include="Game\Enemy\BomberEnemy.cpp" />
    <ClCompile Include="Game\Enemy\Boss.cpp" />
    <ClCompile Include="Game\Enemy\bulletStorage.cpp" />
    <ClCompile Include="Game\Enemy\InterfaceShootingEnemy.cpp" />
    <ClCompile Include="Game\Enemy\Mannequin.cpp" />
    <ClCompile Include="Game\Enemy\RoamingEnemy.cpp" />
    <ClCompile Include="Game\Enemy\RusherEnemy.cpp" />
    <ClCompile Include="Game\Enemy\ShootingEnemy.cpp" />
    <ClCompile Include="Game\Enemy\testEnemy.cpp" />
    <ClCompile Include="Game\GameLogic\Level.cpp" />
    <ClCompile Include="Game\GameLogic\Pattern.cpp" />
    <ClCompile Include="Game\GameLogic\upgradeStock.cpp" />
    <ClCompile Include="Game\GameLogic\Wave.cpp" />
    <ClCompile Include="Game\Weapon\chargeShot.cpp" />
    <ClCompile Include="Game\Weapon\Gunshot.cpp" />
    <ClCompile Include="Game\Weapon\Gunslinger.cpp" />
    <ClCompile Include="Game\Weapon\LaserGenerator.cpp" />
    <ClCompile Include="Game\Weapon\laserWeapon.cpp" />
    <ClCompile Include="Game\Weapon\Weapon.cpp" />
    <ClCompile Include="State\ButtonState.cpp" />
    <ClCompile Include="State\CharacterSelection.cpp" />
    <ClCompile Include="State\CharacterSelectionMultiState.cpp" />
    <ClCompile Include="State\CommentJouer.cpp" />
    <ClCompile Include="State\GameMenu.cpp" />
    <ClCompile Include="State\GameOver.cpp" />
    <ClCompile Include="State\GameState.cpp" />
    <ClCompile Include="State\LevelGameState.cpp" />
    <ClCompile Include="State\LoadingState.cpp" />
    <ClCompile Include="State\MainMenuState.cpp" />
    <ClCompile Include="State\SettingState.cpp" />
    <ClCompile Include="State\SplashState.cpp" />
    <ClCompile Include="State\State.cpp" />
    <ClCompile Include="State\TestGame.cpp" />
    <ClCompile Include="State\UpgradeState.cpp" />
    <ClCompile Include="State\InterfaceState.cpp" />
    <ClCompile Include="State\LevelSelectionState.cpp" />
    <ClCompile Include="UI\Button.cpp" />
    <ClCompile Include="UI\Card.cpp" />
    <ClCompile Include="UI\CardUpgrade.cpp" />
    <ClCompile Include="UI\Carousel.cpp" />
    <ClCompile Include="UI\Checkbox.cpp" />
    <ClCompile Include="UI\ClavierVirtuel.cpp" />
    <ClCompile Include="UI\Scoreboard.cpp" />
    <ClCompile Include="UI\Slider.cpp" />
    <ClCompile Include="UI\UI.cpp" />
    <ClCompile Include="UI\EllipseShape.cpp" />
    <ClCompile Include="UI\ShakeSpinningCard.cpp" />
    <ClCompile Include="UI\SpinningCard.cpp" />
    <ClCompile Include="Engine\Animation.cpp" />
    <ClCompile Include="Engine\AssetManager.cpp" />
    <ClCompile Include="Engine\Background.cpp" />
    <ClCompile Include="Engine\Effetsonore.cpp" />
    <ClCompile Include="Engine\InputManager.cpp" />
    <ClCompile Include="Engine\MainLoop.cpp" />
    <ClCompile Include="Engine\Musique.cpp" />
    <ClCompile Include="Engine\StateMachine.cpp" />
    <ClCompile Include="Engine\Transition.cpp" />
    <ClCompile Include="Game\Buff\BuffEntity.cpp" />
    <ClCompile Include="Game\Character.cpp" />
    <ClCompile Include="Game\Entity.cpp" />
    <ClCompile Include="Game\HittingEntity.cpp" />
    <ClCompile Include="Game\Mob.cpp" />
    <ClCompile Include="Game\Player.cpp" />
    <ClCompile Include="Game\PowerUp.cpp" />
    <ClCompile Include="Game\Enemy\Enemy.cpp" />
    <ClCompile Include="Game\GameLogic\Arc.cpp" />
    <ClCompile Include="Game\GameLogic\Exception.cpp" />
    <ClCompile Include="Game\GameLogic\Graphe.cpp" />
    <ClCompile Include="Game\GameLogic\GrapheUpdate.cpp" />
    <ClCompile Include="Game\GameLogic\HugoDecrypte.cpp" />
    <ClCompile Include="Game\GameLogic\Sommet.cpp" />
    <ClCompile Include="Game\GameLogic\SommetUpgrade.cpp" />
    <ClCompile Include="Game\Weapon\Bullet.cpp" />
    <ClCompile Include="Game\Weapon\BulletAuto.cpp" />
    <ClCompile Include="Game\Weapon\WeaponStat.cpp" />
    <ClCompile Include="IO\File.cpp" />
    <ClCompile Include="IO\ParserCSV.cpp" />
    <ClCompile Include="IO\ParserXML.cpp" />
    <ClCompile Include="unused\MenuInterfaceState.cpp" />
  </ItemGroup>
  <ItemGroup>
    <ClInclude Include="Engine\InputPlayer.h" />
    <ClInclude Include="Game\Buff\dot.h" />
    <ClInclude Include="Game\Buff\effetspecial.h" />
    <ClInclude Include="Game\Buff\fire.h" />
    <ClInclude Include="Game\Buff\ice.h" />
    <ClInclude Include="Game\Buff\thunder.h" />
    <ClInclude Include="Game\Enemy\BomberEnemy.h" />
    <ClInclude Include="Game\Enemy\Boss.h" />
    <ClInclude Include="Game\Enemy\bulletStorage.h" />
    <ClInclude Include="Game\Enemy\InterfaceShootingEnemy.h" />
    <ClInclude Include="Game\Enemy\Mannequin.h" />
    <ClInclude Include="Game\Enemy\RoamingEnemy.h" />
    <ClInclude Include="Game\Enemy\RusherEnemy.h" />
    <ClInclude Include="Game\Enemy\ShootingEnemy.h" />
    <ClInclude Include="Game\Enemy\testEnemy.h" />
    <ClInclude Include="Game\GameLogic\Level.h" />
    <ClInclude Include="Game\GameLogic\Pattern.h" />
    <ClInclude Include="Game\GameLogic\upgradeStock.h" />
    <ClInclude Include="Game\GameLogic\Wave.h" />
    <ClInclude Include="Game\Weapon\chargeShot.h" />
    <ClInclude Include="Game\Weapon\Gunshot.h" />
    <ClInclude Include="Game\Weapon\Gunslinger.h" />
    <ClInclude Include="Game\Weapon\LaserGenerator.h" />
    <ClInclude Include="Game\Weapon\laserWeapon.h" />
    <ClInclude Include="Game\Weapon\Weapon.h" />
    <ClInclude Include="State\ButtonState.h" />
    <ClInclude Include="State\CharacterSelection.h" />
    <ClInclude Include="State\CharacterSelectionMultiState.h" />
    <ClInclude Include="State\CommentJouer.h" />
    <ClInclude Include="State\GameMenu.h" />
    <ClInclude Include="State\GameOver.h" />
    <ClInclude Include="State\GameState.h" />
    <ClInclude Include="State\LevelGameState.h" />
    <ClInclude Include="State\LoadingState.h" />
    <ClInclude Include="State\MainMenuState.h" />
    <ClInclude Include="State\SettingState.h" />
    <ClInclude Include="State\SplashState.h" />
    <ClInclude Include="State\State.h" />
    <ClInclude Include="State\TestGame.h" />
    <ClInclude Include="State\UpgradeState.h" />
    <ClInclude Include="State\InterfaceState.h" />
    <ClInclude Include="State\LevelSelectionState.h" />
    <ClInclude Include="UI\Button.h" />
    <ClInclude Include="UI\Card.h" />
    <ClInclude Include="UI\CardUpgrade.h" />
    <ClInclude Include="UI\Carousel.h" />
    <ClInclude Include="UI\Checkbox.h" />
    <ClInclude Include="UI\ClavierVirtuel.h" />
    <ClInclude Include="UI\Scoreboard.h" />
    <ClInclude Include="UI\Slider.h" />
    <ClInclude Include="UI\UI.h" />
    <ClInclude Include="UI\EllipseShape.h" />
    <ClInclude Include="UI\ShakeSpinningCard.h" />
    <ClInclude Include="UI\SpinningCard.hpp" />
    <ClInclude Include="Engine\Animation.h" />
    <ClInclude Include="utilities.h" />
    <ClInclude Include="Engine\AssetManager.h" />
    <ClInclude Include="Engine\Background.h" />
    <ClInclude Include="Engine\Effetsonore.h" />
    <ClInclude Include="Engine\InputManager.h" />
    <ClInclude Include="Engine\MainLoop.h" />
    <ClInclude Include="Engine\Musique.h" />
    <ClInclude Include="Engine\StateMachine.h" />
    <ClInclude Include="Engine\Transition.h" />
    <ClInclude Include="UI\Common.hpp" />
    <ClInclude Include="Game\Buff\BuffEntity.h" />
    <ClInclude Include="Game\Character.h" />
    <ClInclude Include="Game\Entity.h" />
    <ClInclude Include="Game\HittingEntity.h" />
    <ClInclude Include="Game\Mob.h" />
    <ClInclude Include="Game\Player.h" />
    <ClInclude Include="Game\PowerUp.h" />
    <ClInclude Include="Game\Enemy\Enemy.h" />
    <ClInclude Include="Game\GameLogic\Arc.h" />
    <ClInclude Include="Game\GameLogic\Exception.h" />
    <ClInclude Include="Game\GameLogic\Graphe.h" />
    <ClInclude Include="Game\GameLogic\GrapheUpdate.h" />
    <ClInclude Include="Game\GameLogic\HugoDecrypte.h" />
    <ClInclude Include="Game\GameLogic\Sommet.h" />
    <ClInclude Include="Game\GameLogic\SommetUpgrade.h" />
    <ClInclude Include="Game\Weapon\Bullet.h" />
    <ClInclude Include="Game\Weapon\BulletAuto.h" />
    <ClInclude Include="Game\Weapon\WeaponStat.h" />
    <ClInclude Include="IO\File.h" />
    <ClInclude Include="IO\ParserCSV.h" />
    <ClInclude Include="IO\ParserXML.h" />
    <ClInclude Include="unused\MenuInterfaceState.h" />
  </ItemGroup>
  <ItemGroup>
    <ClInclude Include="DEFINITIONS.h" />
    <ClInclude Include="utilities.h" />
  </ItemGroup>
  <ItemGroup>
    <Filter Include="Fichiers source">
      <UniqueIdentifier>{1046bc70-217d-486d-890e-7da6ab68bbb0}</UniqueIdentifier>
    </Filter>
    <Filter Include="Fichiers cpp">
      <UniqueIdentifier>{9448686d-ae33-41cb-9632-f789cf1239f3}</UniqueIdentifier>
    </Filter>
    <Filter Include="Shaders">
      <UniqueIdentifier>{5946a067-ff18-429e-8d70-890bd7def39c}</UniqueIdentifier>
    </Filter>
    <Filter Include="Fichiers source\Enemies">
      <UniqueIdentifier>{56a5bfe4-0353-4655-b7fe-94d2709c9d6b}</UniqueIdentifier>
    </Filter>
    <Filter Include="Fichiers source\States">
      <UniqueIdentifier>{0fb5af39-d1f8-458c-b33b-1d5366949795}</UniqueIdentifier>
    </Filter>
  </ItemGroup>
  <ItemGroup>
    <None Include="shaders\fragbandw.frag" />
    <None Include="shaders\test.frag" />
    <None Include="shaders\blurFrag.frag" />
    <None Include="shaders\vertex.vert" />
    <None Include="shaders\lightFrag.frag" />
    <None Include="shaders\fadeFrag.frag" />
    <None Include="imgui.ini" />
  </ItemGroup>
</Project>